// !$*UTF8*$!
{
	archiveVersion = 1;
	classes = {
	};
	objectVersion = 55;
	objects = {

/* Begin PBXBuildFile section */
		1CC1B5A82801F6C500B3EB46 /* SimpleUIApp.swift in Sources */ = {isa = PBXBuildFile; fileRef = 1CC1B5A72801F6C500B3EB46 /* SimpleUIApp.swift */; };
		1CC1B5AA2801F6C500B3EB46 /* ContentView.swift in Sources */ = {isa = PBXBuildFile; fileRef = 1CC1B5A92801F6C500B3EB46 /* ContentView.swift */; };
		1CC1B5AC2801F6C600B3EB46 /* Assets.xcassets in Resources */ = {isa = PBXBuildFile; fileRef = 1CC1B5AB2801F6C600B3EB46 /* Assets.xcassets */; };
		1CC1B5AF2801F6C600B3EB46 /* Preview Assets.xcassets in Resources */ = {isa = PBXBuildFile; fileRef = 1CC1B5AE2801F6C600B3EB46 /* Preview Assets.xcassets */; };
		1CC1B5B92801F6C600B3EB46 /* SimpleUITests.swift in Sources */ = {isa = PBXBuildFile; fileRef = 1CC1B5B82801F6C600B3EB46 /* SimpleUITests.swift */; };
		1CC1B5C32801F6C600B3EB46 /* SimpleUIUITests.swift in Sources */ = {isa = PBXBuildFile; fileRef = 1CC1B5C22801F6C600B3EB46 /* SimpleUIUITests.swift */; };
		1CC1B5C52801F6C600B3EB46 /* SimpleUIUITestsLaunchTests.swift in Sources */ = {isa = PBXBuildFile; fileRef = 1CC1B5C42801F6C600B3EB46 /* SimpleUIUITestsLaunchTests.swift */; };
/* End PBXBuildFile section */

/* Begin PBXContainerItemProxy section */
		1CC1B5B52801F6C600B3EB46 /* PBXContainerItemProxy */ = {
			isa = PBXContainerItemProxy;
			containerPortal = 1CC1B59C2801F6C500B3EB46 /* Project object */;
			proxyType = 1;
			remoteGlobalIDString = 1CC1B5A32801F6C500B3EB46;
			remoteInfo = SimpleUI;
		};
		1CC1B5BF2801F6C600B3EB46 /* PBXContainerItemProxy */ = {
			isa = PBXContainerItemProxy;
			containerPortal = 1CC1B59C2801F6C500B3EB46 /* Project object */;
			proxyType = 1;
			remoteGlobalIDString = 1CC1B5A32801F6C500B3EB46;
			remoteInfo = SimpleUI;
		};
/* End PBXContainerItemProxy section */

/* Begin PBXFileReference section */
		1CC1B5A42801F6C500B3EB46 /* SimpleUI.app */ = {isa = PBXFileReference; explicitFileType = wrapper.application; includeInIndex = 0; path = SimpleUI.app; sourceTree = BUILT_PRODUCTS_DIR; };
		1CC1B5A72801F6C500B3EB46 /* SimpleUIApp.swift */ = {isa = PBXFileReference; lastKnownFileType = sourcecode.swift; path = SimpleUIApp.swift; sourceTree = "<group>"; };
		1CC1B5A92801F6C500B3EB46 /* ContentView.swift */ = {isa = PBXFileReference; lastKnownFileType = sourcecode.swift; path = ContentView.swift; sourceTree = "<group>"; };
		1CC1B5AB2801F6C600B3EB46 /* Assets.xcassets */ = {isa = PBXFileReference; lastKnownFileType = folder.assetcatalog; path = Assets.xcassets; sourceTree = "<group>"; };
		1CC1B5AE2801F6C600B3EB46 /* Preview Assets.xcassets */ = {isa = PBXFileReference; lastKnownFileType = folder.assetcatalog; path = "Preview Assets.xcassets"; sourceTree = "<group>"; };
		1CC1B5B42801F6C600B3EB46 /* SimpleUITests.xctest */ = {isa = PBXFileReference; explicitFileType = wrapper.cfbundle; includeInIndex = 0; path = SimpleUITests.xctest; sourceTree = BUILT_PRODUCTS_DIR; };
		1CC1B5B82801F6C600B3EB46 /* SimpleUITests.swift */ = {isa = PBXFileReference; lastKnownFileType = sourcecode.swift; path = SimpleUITests.swift; sourceTree = "<group>"; };
		1CC1B5BE2801F6C600B3EB46 /* SimpleUIUITests.xctest */ = {isa = PBXFileReference; explicitFileType = wrapper.cfbundle; includeInIndex = 0; path = SimpleUIUITests.xctest; sourceTree = BUILT_PRODUCTS_DIR; };
		1CC1B5C22801F6C600B3EB46 /* SimpleUIUITests.swift */ = {isa = PBXFileReference; lastKnownFileType = sourcecode.swift; path = SimpleUIUITests.swift; sourceTree = "<group>"; };
		1CC1B5C42801F6C600B3EB46 /* SimpleUIUITestsLaunchTests.swift */ = {isa = PBXFileReference; lastKnownFileType = sourcecode.swift; path = SimpleUIUITestsLaunchTests.swift; sourceTree = "<group>"; };
/* End PBXFileReference section */

/* Begin PBXFrameworksBuildPhase section */
		1CC1B5A12801F6C500B3EB46 /* Frameworks */ = {
			isa = PBXFrameworksBuildPhase;
			buildActionMask = 2147483647;
			files = (
			);
			runOnlyForDeploymentPostprocessing = 0;
		};
		1CC1B5B12801F6C600B3EB46 /* Frameworks */ = {
			isa = PBXFrameworksBuildPhase;
			buildActionMask = 2147483647;
			files = (
			);
			runOnlyForDeploymentPostprocessing = 0;
		};
		1CC1B5BB2801F6C600B3EB46 /* Frameworks */ = {
			isa = PBXFrameworksBuildPhase;
			buildActionMask = 2147483647;
			files = (
			);
			runOnlyForDeploymentPostprocessing = 0;
		};
/* End PBXFrameworksBuildPhase section */

/* Begin PBXGroup section */
		1CC1B59B2801F6C500B3EB46 = {
			isa = PBXGroup;
			children = (
				1CC1B5A62801F6C500B3EB46 /* SimpleUI */,
				1CC1B5B72801F6C600B3EB46 /* SimpleUITests */,
				1CC1B5C12801F6C600B3EB46 /* SimpleUIUITests */,
				1CC1B5A52801F6C500B3EB46 /* Products */,
			);
			sourceTree = "<group>";
		};
		1CC1B5A52801F6C500B3EB46 /* Products */ = {
			isa = PBXGroup;
			children = (
				1CC1B5A42801F6C500B3EB46 /* SimpleUI.app */,
				1CC1B5B42801F6C600B3EB46 /* SimpleUITests.xctest */,
				1CC1B5BE2801F6C600B3EB46 /* SimpleUIUITests.xctest */,
			);
			name = Products;
			sourceTree = "<group>";
		};
		1CC1B5A62801F6C500B3EB46 /* SimpleUI */ = {
			isa = PBXGroup;
			children = (
				1CC1B5A72801F6C500B3EB46 /* SimpleUIApp.swift */,
				1CC1B5A92801F6C500B3EB46 /* ContentView.swift */,
				1CC1B5AB2801F6C600B3EB46 /* Assets.xcassets */,
				1CC1B5AD2801F6C600B3EB46 /* Preview Content */,
			);
			path = SimpleUI;
			sourceTree = "<group>";
		};
		1CC1B5AD2801F6C600B3EB46 /* Preview Content */ = {
			isa = PBXGroup;
			children = (
				1CC1B5AE2801F6C600B3EB46 /* Preview Assets.xcassets */,
			);
			path = "Preview Content";
			sourceTree = "<group>";
		};
		1CC1B5B72801F6C600B3EB46 /* SimpleUITests */ = {
			isa = PBXGroup;
			children = (
				1CC1B5B82801F6C600B3EB46 /* SimpleUITests.swift */,
			);
			path = SimpleUITests;
			sourceTree = "<group>";
		};
		1CC1B5C12801F6C600B3EB46 /* SimpleUIUITests */ = {
			isa = PBXGroup;
			children = (
				1CC1B5C22801F6C600B3EB46 /* SimpleUIUITests.swift */,
				1CC1B5C42801F6C600B3EB46 /* SimpleUIUITestsLaunchTests.swift */,
			);
			path = SimpleUIUITests;
			sourceTree = "<group>";
		};
/* End PBXGroup section */

/* Begin PBXNativeTarget section */
		1CC1B5A32801F6C500B3EB46 /* SimpleUI */ = {
			isa = PBXNativeTarget;
			buildConfigurationList = 1CC1B5C82801F6C600B3EB46 /* Build configuration list for PBXNativeTarget "SimpleUI" */;
			buildPhases = (
				1CC1B5A02801F6C500B3EB46 /* Sources */,
				1CC1B5A12801F6C500B3EB46 /* Frameworks */,
				1CC1B5A22801F6C500B3EB46 /* Resources */,
			);
			buildRules = (
			);
			dependencies = (
			);
			name = SimpleUI;
			productName = SimpleUI;
			productReference = 1CC1B5A42801F6C500B3EB46 /* SimpleUI.app */;
			productType = "com.apple.product-type.application";
		};
		1CC1B5B32801F6C600B3EB46 /* SimpleUITests */ = {
			isa = PBXNativeTarget;
			buildConfigurationList = 1CC1B5CB2801F6C600B3EB46 /* Build configuration list for PBXNativeTarget "SimpleUITests" */;
			buildPhases = (
				1CC1B5B02801F6C600B3EB46 /* Sources */,
				1CC1B5B12801F6C600B3EB46 /* Frameworks */,
				1CC1B5B22801F6C600B3EB46 /* Resources */,
			);
			buildRules = (
			);
			dependencies = (
				1CC1B5B62801F6C600B3EB46 /* PBXTargetDependency */,
			);
			name = SimpleUITests;
			productName = SimpleUITests;
			productReference = 1CC1B5B42801F6C600B3EB46 /* SimpleUITests.xctest */;
			productType = "com.apple.product-type.bundle.unit-test";
		};
		1CC1B5BD2801F6C600B3EB46 /* SimpleUIUITests */ = {
			isa = PBXNativeTarget;
			buildConfigurationList = 1CC1B5CE2801F6C600B3EB46 /* Build configuration list for PBXNativeTarget "SimpleUIUITests" */;
			buildPhases = (
				1CC1B5BA2801F6C600B3EB46 /* Sources */,
				1CC1B5BB2801F6C600B3EB46 /* Frameworks */,
				1CC1B5BC2801F6C600B3EB46 /* Resources */,
			);
			buildRules = (
			);
			dependencies = (
				1CC1B5C02801F6C600B3EB46 /* PBXTargetDependency */,
			);
			name = SimpleUIUITests;
			productName = SimpleUIUITests;
			productReference = 1CC1B5BE2801F6C600B3EB46 /* SimpleUIUITests.xctest */;
			productType = "com.apple.product-type.bundle.ui-testing";
		};
/* End PBXNativeTarget section */

/* Begin PBXProject section */
		1CC1B59C2801F6C500B3EB46 /* Project object */ = {
			isa = PBXProject;
			attributes = {
				BuildIndependentTargetsInParallel = 1;
				LastSwiftUpdateCheck = 1330;
				LastUpgradeCheck = 1330;
				TargetAttributes = {
					1CC1B5A32801F6C500B3EB46 = {
						CreatedOnToolsVersion = 13.3;
					};
					1CC1B5B32801F6C600B3EB46 = {
						CreatedOnToolsVersion = 13.3;
						TestTargetID = 1CC1B5A32801F6C500B3EB46;
					};
					1CC1B5BD2801F6C600B3EB46 = {
						CreatedOnToolsVersion = 13.3;
						TestTargetID = 1CC1B5A32801F6C500B3EB46;
					};
				};
			};
			buildConfigurationList = 1CC1B59F2801F6C500B3EB46 /* Build configuration list for PBXProject "SimpleUI" */;
			compatibilityVersion = "Xcode 13.0";
			developmentRegion = en;
			hasScannedForEncodings = 0;
			knownRegions = (
				en,
				Base,
			);
			mainGroup = 1CC1B59B2801F6C500B3EB46;
			productRefGroup = 1CC1B5A52801F6C500B3EB46 /* Products */;
			projectDirPath = "";
			projectRoot = "";
			targets = (
				1CC1B5A32801F6C500B3EB46 /* SimpleUI */,
				1CC1B5B32801F6C600B3EB46 /* SimpleUITests */,
				1CC1B5BD2801F6C600B3EB46 /* SimpleUIUITests */,
			);
		};
/* End PBXProject section */

/* Begin PBXResourcesBuildPhase section */
		1CC1B5A22801F6C500B3EB46 /* Resources */ = {
			isa = PBXResourcesBuildPhase;
			buildActionMask = 2147483647;
			files = (
				1CC1B5AF2801F6C600B3EB46 /* Preview Assets.xcassets in Resources */,
				1CC1B5AC2801F6C600B3EB46 /* Assets.xcassets in Resources */,
			);
			runOnlyForDeploymentPostprocessing = 0;
		};
		1CC1B5B22801F6C600B3EB46 /* Resources */ = {
			isa = PBXResourcesBuildPhase;
			buildActionMask = 2147483647;
			files = (
			);
			runOnlyForDeploymentPostprocessing = 0;
		};
		1CC1B5BC2801F6C600B3EB46 /* Resources */ = {
			isa = PBXResourcesBuildPhase;
			buildActionMask = 2147483647;
			files = (
			);
			runOnlyForDeploymentPostprocessing = 0;
		};
/* End PBXResourcesBuildPhase section */

/* Begin PBXSourcesBuildPhase section */
		1CC1B5A02801F6C500B3EB46 /* Sources */ = {
			isa = PBXSourcesBuildPhase;
			buildActionMask = 2147483647;
			files = (
				1CC1B5AA2801F6C500B3EB46 /* ContentView.swift in Sources */,
				1CC1B5A82801F6C500B3EB46 /* SimpleUIApp.swift in Sources */,
			);
			runOnlyForDeploymentPostprocessing = 0;
		};
		1CC1B5B02801F6C600B3EB46 /* Sources */ = {
			isa = PBXSourcesBuildPhase;
			buildActionMask = 2147483647;
			files = (
				1CC1B5B92801F6C600B3EB46 /* SimpleUITests.swift in Sources */,
			);
			runOnlyForDeploymentPostprocessing = 0;
		};
		1CC1B5BA2801F6C600B3EB46 /* Sources */ = {
			isa = PBXSourcesBuildPhase;
			buildActionMask = 2147483647;
			files = (
				1CC1B5C52801F6C600B3EB46 /* SimpleUIUITestsLaunchTests.swift in Sources */,
				1CC1B5C32801F6C600B3EB46 /* SimpleUIUITests.swift in Sources */,
			);
			runOnlyForDeploymentPostprocessing = 0;
		};
/* End PBXSourcesBuildPhase section */

/* Begin PBXTargetDependency section */
		1CC1B5B62801F6C600B3EB46 /* PBXTargetDependency */ = {
			isa = PBXTargetDependency;
			target = 1CC1B5A32801F6C500B3EB46 /* SimpleUI */;
			targetProxy = 1CC1B5B52801F6C600B3EB46 /* PBXContainerItemProxy */;
		};
		1CC1B5C02801F6C600B3EB46 /* PBXTargetDependency */ = {
			isa = PBXTargetDependency;
			target = 1CC1B5A32801F6C500B3EB46 /* SimpleUI */;
			targetProxy = 1CC1B5BF2801F6C600B3EB46 /* PBXContainerItemProxy */;
		};
/* End PBXTargetDependency section */

/* Begin XCBuildConfiguration section */
		1CC1B5C62801F6C600B3EB46 /* Debug */ = {
			isa = XCBuildConfiguration;
			buildSettings = {
				ALWAYS_SEARCH_USER_PATHS = NO;
				CLANG_ANALYZER_NONNULL = YES;
				CLANG_ANALYZER_NUMBER_OBJECT_CONVERSION = YES_AGGRESSIVE;
				CLANG_CXX_LANGUAGE_STANDARD = "gnu++17";
				CLANG_ENABLE_MODULES = YES;
				CLANG_ENABLE_OBJC_ARC = YES;
				CLANG_ENABLE_OBJC_WEAK = YES;
				CLANG_WARN_BLOCK_CAPTURE_AUTORELEASING = YES;
				CLANG_WARN_BOOL_CONVERSION = YES;
				CLANG_WARN_COMMA = YES;
				CLANG_WARN_CONSTANT_CONVERSION = YES;
				CLANG_WARN_DEPRECATED_OBJC_IMPLEMENTATIONS = YES;
				CLANG_WARN_DIRECT_OBJC_ISA_USAGE = YES_ERROR;
				CLANG_WARN_DOCUMENTATION_COMMENTS = YES;
				CLANG_WARN_EMPTY_BODY = YES;
				CLANG_WARN_ENUM_CONVERSION = YES;
				CLANG_WARN_INFINITE_RECURSION = YES;
				CLANG_WARN_INT_CONVERSION = YES;
				CLANG_WARN_NON_LITERAL_NULL_CONVERSION = YES;
				CLANG_WARN_OBJC_IMPLICIT_RETAIN_SELF = YES;
				CLANG_WARN_OBJC_LITERAL_CONVERSION = YES;
				CLANG_WARN_OBJC_ROOT_CLASS = YES_ERROR;
				CLANG_WARN_QUOTED_INCLUDE_IN_FRAMEWORK_HEADER = YES;
				CLANG_WARN_RANGE_LOOP_ANALYSIS = YES;
				CLANG_WARN_STRICT_PROTOTYPES = YES;
				CLANG_WARN_SUSPICIOUS_MOVE = YES;
				CLANG_WARN_UNGUARDED_AVAILABILITY = YES_AGGRESSIVE;
				CLANG_WARN_UNREACHABLE_CODE = YES;
				CLANG_WARN__DUPLICATE_METHOD_MATCH = YES;
				COPY_PHASE_STRIP = NO;
				DEBUG_INFORMATION_FORMAT = dwarf;
				ENABLE_STRICT_OBJC_MSGSEND = YES;
				ENABLE_TESTABILITY = YES;
				GCC_C_LANGUAGE_STANDARD = gnu11;
				GCC_DYNAMIC_NO_PIC = NO;
				GCC_NO_COMMON_BLOCKS = YES;
				GCC_OPTIMIZATION_LEVEL = 0;
				GCC_PREPROCESSOR_DEFINITIONS = (
					"DEBUG=1",
					"$(inherited)",
				);
				GCC_WARN_64_TO_32_BIT_CONVERSION = YES;
				GCC_WARN_ABOUT_RETURN_TYPE = YES_ERROR;
				GCC_WARN_UNDECLARED_SELECTOR = YES;
				GCC_WARN_UNINITIALIZED_AUTOS = YES_AGGRESSIVE;
				GCC_WARN_UNUSED_FUNCTION = YES;
				GCC_WARN_UNUSED_VARIABLE = YES;
				IPHONEOS_DEPLOYMENT_TARGET = 15.4;
				MTL_ENABLE_DEBUG_INFO = INCLUDE_SOURCE;
				MTL_FAST_MATH = YES;
				ONLY_ACTIVE_ARCH = YES;
				SDKROOT = iphoneos;
				SWIFT_ACTIVE_COMPILATION_CONDITIONS = DEBUG;
				SWIFT_OPTIMIZATION_LEVEL = "-Onone";
			};
			name = Debug;
		};
		1CC1B5C72801F6C600B3EB46 /* Release */ = {
			isa = XCBuildConfiguration;
			buildSettings = {
				ALWAYS_SEARCH_USER_PATHS = NO;
				CLANG_ANALYZER_NONNULL = YES;
				CLANG_ANALYZER_NUMBER_OBJECT_CONVERSION = YES_AGGRESSIVE;
				CLANG_CXX_LANGUAGE_STANDARD = "gnu++17";
				CLANG_ENABLE_MODULES = YES;
				CLANG_ENABLE_OBJC_ARC = YES;
				CLANG_ENABLE_OBJC_WEAK = YES;
				CLANG_WARN_BLOCK_CAPTURE_AUTORELEASING = YES;
				CLANG_WARN_BOOL_CONVERSION = YES;
				CLANG_WARN_COMMA = YES;
				CLANG_WARN_CONSTANT_CONVERSION = YES;
				CLANG_WARN_DEPRECATED_OBJC_IMPLEMENTATIONS = YES;
				CLANG_WARN_DIRECT_OBJC_ISA_USAGE = YES_ERROR;
				CLANG_WARN_DOCUMENTATION_COMMENTS = YES;
				CLANG_WARN_EMPTY_BODY = YES;
				CLANG_WARN_ENUM_CONVERSION = YES;
				CLANG_WARN_INFINITE_RECURSION = YES;
				CLANG_WARN_INT_CONVERSION = YES;
				CLANG_WARN_NON_LITERAL_NULL_CONVERSION = YES;
				CLANG_WARN_OBJC_IMPLICIT_RETAIN_SELF = YES;
				CLANG_WARN_OBJC_LITERAL_CONVERSION = YES;
				CLANG_WARN_OBJC_ROOT_CLASS = YES_ERROR;
				CLANG_WARN_QUOTED_INCLUDE_IN_FRAMEWORK_HEADER = YES;
				CLANG_WARN_RANGE_LOOP_ANALYSIS = YES;
				CLANG_WARN_STRICT_PROTOTYPES = YES;
				CLANG_WARN_SUSPICIOUS_MOVE = YES;
				CLANG_WARN_UNGUARDED_AVAILABILITY = YES_AGGRESSIVE;
				CLANG_WARN_UNREACHABLE_CODE = YES;
				CLANG_WARN__DUPLICATE_METHOD_MATCH = YES;
				COPY_PHASE_STRIP = NO;
				DEBUG_INFORMATION_FORMAT = "dwarf-with-dsym";
				ENABLE_NS_ASSERTIONS = NO;
				ENABLE_STRICT_OBJC_MSGSEND = YES;
				GCC_C_LANGUAGE_STANDARD = gnu11;
				GCC_NO_COMMON_BLOCKS = YES;
				GCC_WARN_64_TO_32_BIT_CONVERSION = YES;
				GCC_WARN_ABOUT_RETURN_TYPE = YES_ERROR;
				GCC_WARN_UNDECLARED_SELECTOR = YES;
				GCC_WARN_UNINITIALIZED_AUTOS = YES_AGGRESSIVE;
				GCC_WARN_UNUSED_FUNCTION = YES;
				GCC_WARN_UNUSED_VARIABLE = YES;
				IPHONEOS_DEPLOYMENT_TARGET = 15.4;
				MTL_ENABLE_DEBUG_INFO = NO;
				MTL_FAST_MATH = YES;
				SDKROOT = iphoneos;
				SWIFT_COMPILATION_MODE = wholemodule;
				SWIFT_OPTIMIZATION_LEVEL = "-O";
				VALIDATE_PRODUCT = YES;
			};
			name = Release;
		};
		1CC1B5C92801F6C600B3EB46 /* Debug */ = {
			isa = XCBuildConfiguration;
			buildSettings = {
				ASSETCATALOG_COMPILER_APPICON_NAME = AppIcon;
				ASSETCATALOG_COMPILER_GLOBAL_ACCENT_COLOR_NAME = AccentColor;
				CODE_SIGN_STYLE = Automatic;
				CURRENT_PROJECT_VERSION = 1;
				DEVELOPMENT_ASSET_PATHS = "\"SimpleUI/Preview Content\"";
				DEVELOPMENT_TEAM = G7TP5FD688;
				ENABLE_PREVIEWS = YES;
				GENERATE_INFOPLIST_FILE = YES;
				INFOPLIST_KEY_UIApplicationSceneManifest_Generation = YES;
				INFOPLIST_KEY_UIApplicationSupportsIndirectInputEvents = YES;
				INFOPLIST_KEY_UILaunchScreen_Generation = YES;
				INFOPLIST_KEY_UISupportedInterfaceOrientations_iPad = "UIInterfaceOrientationPortrait UIInterfaceOrientationPortraitUpsideDown UIInterfaceOrientationLandscapeLeft UIInterfaceOrientationLandscapeRight";
				INFOPLIST_KEY_UISupportedInterfaceOrientations_iPhone = "UIInterfaceOrientationPortrait UIInterfaceOrientationLandscapeLeft UIInterfaceOrientationLandscapeRight";
				LD_RUNPATH_SEARCH_PATHS = (
					"$(inherited)",
					"@executable_path/Frameworks",
				);
				MARKETING_VERSION = 1.0;
				PRODUCT_BUNDLE_IDENTIFIER = com.snowyla.SimpleUI;
				PRODUCT_NAME = "$(TARGET_NAME)";
				SWIFT_EMIT_LOC_STRINGS = YES;
				SWIFT_VERSION = 5.0;
				TARGETED_DEVICE_FAMILY = "1,2";
			};
			name = Debug;
		};
		1CC1B5CA2801F6C600B3EB46 /* Release */ = {
			isa = XCBuildConfiguration;
			buildSettings = {
				ASSETCATALOG_COMPILER_APPICON_NAME = AppIcon;
				ASSETCATALOG_COMPILER_GLOBAL_ACCENT_COLOR_NAME = AccentColor;
				CODE_SIGN_STYLE = Automatic;
				CURRENT_PROJECT_VERSION = 1;
				DEVELOPMENT_ASSET_PATHS = "\"SimpleUI/Preview Content\"";
				DEVELOPMENT_TEAM = G7TP5FD688;
				ENABLE_PREVIEWS = YES;
				GENERATE_INFOPLIST_FILE = YES;
				INFOPLIST_KEY_UIApplicationSceneManifest_Generation = YES;
				INFOPLIST_KEY_UIApplicationSupportsIndirectInputEvents = YES;
				INFOPLIST_KEY_UILaunchScreen_Generation = YES;
				INFOPLIST_KEY_UISupportedInterfaceOrientations_iPad = "UIInterfaceOrientationPortrait UIInterfaceOrientationPortraitUpsideDown UIInterfaceOrientationLandscapeLeft UIInterfaceOrientationLandscapeRight";
				INFOPLIST_KEY_UISupportedInterfaceOrientations_iPhone = "UIInterfaceOrientationPortrait UIInterfaceOrientationLandscapeLeft UIInterfaceOrientationLandscapeRight";
				LD_RUNPATH_SEARCH_PATHS = (
					"$(inherited)",
					"@executable_path/Frameworks",
				);
				MARKETING_VERSION = 1.0;
				PRODUCT_BUNDLE_IDENTIFIER = com.snowyla.SimpleUI;
				PRODUCT_NAME = "$(TARGET_NAME)";
				SWIFT_EMIT_LOC_STRINGS = YES;
				SWIFT_VERSION = 5.0;
				TARGETED_DEVICE_FAMILY = "1,2";
			};
			name = Release;
		};
		1CC1B5CC2801F6C600B3EB46 /* Debug */ = {
			isa = XCBuildConfiguration;
			buildSettings = {
				ALWAYS_EMBED_SWIFT_STANDARD_LIBRARIES = YES;
				BUNDLE_LOADER = "$(TEST_HOST)";
				CODE_SIGN_STYLE = Automatic;
				CURRENT_PROJECT_VERSION = 1;
				DEVELOPMENT_TEAM = G7TP5FD688;
				GENERATE_INFOPLIST_FILE = YES;
				IPHONEOS_DEPLOYMENT_TARGET = 15.4;
				MARKETING_VERSION = 1.0;
				PRODUCT_BUNDLE_IDENTIFIER = com.snowyla.SimpleUITests;
				PRODUCT_NAME = "$(TARGET_NAME)";
				SWIFT_EMIT_LOC_STRINGS = NO;
				SWIFT_VERSION = 5.0;
				TARGETED_DEVICE_FAMILY = "1,2";
				TEST_HOST = "$(BUILT_PRODUCTS_DIR)/SimpleUI.app/SimpleUI";
			};
			name = Debug;
		};
		1CC1B5CD2801F6C600B3EB46 /* Release */ = {
			isa = XCBuildConfiguration;
			buildSettings = {
				ALWAYS_EMBED_SWIFT_STANDARD_LIBRARIES = YES;
				BUNDLE_LOADER = "$(TEST_HOST)";
				CODE_SIGN_STYLE = Automatic;
				CURRENT_PROJECT_VERSION = 1;
				DEVELOPMENT_TEAM = G7TP5FD688;
				GENERATE_INFOPLIST_FILE = YES;
				IPHONEOS_DEPLOYMENT_TARGET = 15.4;
				MARKETING_VERSION = 1.0;
				PRODUCT_BUNDLE_IDENTIFIER = com.snowyla.SimpleUITests;
				PRODUCT_NAME = "$(TARGET_NAME)";
				SWIFT_EMIT_LOC_STRINGS = NO;
				SWIFT_VERSION = 5.0;
				TARGETED_DEVICE_FAMILY = "1,2";
				TEST_HOST = "$(BUILT_PRODUCTS_DIR)/SimpleUI.app/SimpleUI";
			};
			name = Release;
		};
		1CC1B5CF2801F6C600B3EB46 /* Debug */ = {
			isa = XCBuildConfiguration;
			buildSettings = {
				ALWAYS_EMBED_SWIFT_STANDARD_LIBRARIES = YES;
				CODE_SIGN_STYLE = Automatic;
				CURRENT_PROJECT_VERSION = 1;
				DEVELOPMENT_TEAM = G7TP5FD688;
				GENERATE_INFOPLIST_FILE = YES;
				MARKETING_VERSION = 1.0;
				PRODUCT_BUNDLE_IDENTIFIER = com.snowyla.SimpleUIUITests;
				PRODUCT_NAME = "$(TARGET_NAME)";
				SWIFT_EMIT_LOC_STRINGS = NO;
				SWIFT_VERSION = 5.0;
				TARGETED_DEVICE_FAMILY = "1,2";
				TEST_TARGET_NAME = SimpleUI;
			};
			name = Debug;
		};
		1CC1B5D02801F6C600B3EB46 /* Release */ = {
			isa = XCBuildConfiguration;
			buildSettings = {
				ALWAYS_EMBED_SWIFT_STANDARD_LIBRARIES = YES;
				CODE_SIGN_STYLE = Automatic;
				CURRENT_PROJECT_VERSION = 1;
				DEVELOPMENT_TEAM = G7TP5FD688;
				GENERATE_INFOPLIST_FILE = YES;
				MARKETING_VERSION = 1.0;
				PRODUCT_BUNDLE_IDENTIFIER = com.snowyla.SimpleUIUITests;
				PRODUCT_NAME = "$(TARGET_NAME)";
				SWIFT_EMIT_LOC_STRINGS = NO;
				SWIFT_VERSION = 5.0;
				TARGETED_DEVICE_FAMILY = "1,2";
				TEST_TARGET_NAME = SimpleUI;
			};
			name = Release;
		};
/* End XCBuildConfiguration section */

/* Begin XCConfigurationList section */
		1CC1B59F2801F6C500B3EB46 /* Build configuration list for PBXProject "SimpleUI" */ = {
			isa = XCConfigurationList;
			buildConfigurations = (
				1CC1B5C62801F6C600B3EB46 /* Debug */,
				1CC1B5C72801F6C600B3EB46 /* Release */,
			);
			defaultConfigurationIsVisible = 0;
			defaultConfigurationName = Release;
		};
		1CC1B5C82801F6C600B3EB46 /* Build configuration list for PBXNativeTarget "SimpleUI" */ = {
			isa = XCConfigurationList;
			buildConfigurations = (
				1CC1B5C92801F6C600B3EB46 /* Debug */,
				1CC1B5CA2801F6C600B3EB46 /* Release */,
			);
			defaultConfigurationIsVisible = 0;
			defaultConfigurationName = Release;
		};
		1CC1B5CB2801F6C600B3EB46 /* Build configuration list for PBXNativeTarget "SimpleUITests" */ = {
			isa = XCConfigurationList;
			buildConfigurations = (
				1CC1B5CC2801F6C600B3EB46 /* Debug */,
				1CC1B5CD2801F6C600B3EB46 /* Release */,
			);
			defaultConfigurationIsVisible = 0;
			defaultConfigurationName = Release;
		};
		1CC1B5CE2801F6C600B3EB46 /* Build configuration list for PBXNativeTarget "SimpleUIUITests" */ = {
			isa = XCConfigurationList;
			buildConfigurations = (
				1CC1B5CF2801F6C600B3EB46 /* Debug */,
				1CC1B5D02801F6C600B3EB46 /* Release */,
			);
			defaultConfigurationIsVisible = 0;
			defaultConfigurationName = Release;
		};
/* End XCConfigurationList section */
	};
	rootObject = 1CC1B59C2801F6C500B3EB46 /* Project object */;
}
